// !$*UTF8*$!
{
	archiveVersion = 1;
	classes = {
	};
	objectVersion = 52;
	objects = {

/* Begin PBXBuildFile section */
		E26C124525DF9E7C004BFD11 /* IEventsAPIService.swift in Sources */ = {isa = PBXBuildFile; fileRef = E26C124425DF9E7C004BFD11 /* IEventsAPIService.swift */; };
		E26C124A25DF9E98004BFD11 /* Event.swift in Sources */ = {isa = PBXBuildFile; fileRef = E26C124925DF9E98004BFD11 /* Event.swift */; };
		E26C124E25DFAF32004BFD11 /* EventsAPIService.swift in Sources */ = {isa = PBXBuildFile; fileRef = E26C124D25DFAF32004BFD11 /* EventsAPIService.swift */; };
		E2ADDBFE25E00578005B5B81 /* EventCell.swift in Sources */ = {isa = PBXBuildFile; fileRef = E2ADDBFD25E00578005B5B81 /* EventCell.swift */; };
		E2ADDC0325E005C0005B5B81 /* SnapKit in Frameworks */ = {isa = PBXBuildFile; productRef = E2ADDC0225E005C0005B5B81 /* SnapKit */; };
		E2ADDC0725E00610005B5B81 /* Kingfisher in Frameworks */ = {isa = PBXBuildFile; productRef = E2ADDC0625E00610005B5B81 /* Kingfisher */; };
		E2ADDC0A25E006DE005B5B81 /* Localizable.strings in Resources */ = {isa = PBXBuildFile; fileRef = E2ADDC0925E006DE005B5B81 /* Localizable.strings */; };
		E2ADDC0E25E007D0005B5B81 /* UIColor+Palette.swift in Sources */ = {isa = PBXBuildFile; fileRef = E2ADDC0D25E007D0005B5B81 /* UIColor+Palette.swift */; };
		E2ADDC1525E00B67005B5B81 /* EventCellViewModel.swift in Sources */ = {isa = PBXBuildFile; fileRef = E2ADDC1425E00B67005B5B81 /* EventCellViewModel.swift */; };
		E2ADDC2025E013E7005B5B81 /* EventsTableSection.swift in Sources */ = {isa = PBXBuildFile; fileRef = E2ADDC1F25E013E7005B5B81 /* EventsTableSection.swift */; };
		E2ADDC2725E023B5005B5B81 /* DateFormatter+Ext.swift in Sources */ = {isa = PBXBuildFile; fileRef = E2ADDC2625E023B5005B5B81 /* DateFormatter+Ext.swift */; };
		E2ADDC2B25E039DE005B5B81 /* DateIntervalFormatter+Ext.swift in Sources */ = {isa = PBXBuildFile; fileRef = E2ADDC2A25E039DE005B5B81 /* DateIntervalFormatter+Ext.swift */; };
		E2ADDC2F25E042AC005B5B81 /* GradientView.swift in Sources */ = {isa = PBXBuildFile; fileRef = E2ADDC2E25E042AC005B5B81 /* GradientView.swift */; };
		E2ADDC4125E0DEF7005B5B81 /* EventLoadingCell.swift in Sources */ = {isa = PBXBuildFile; fileRef = E2ADDC4025E0DEF7005B5B81 /* EventLoadingCell.swift */; };
		E2E4AC3325DEC97600FBB94C /* AppDelegate.swift in Sources */ = {isa = PBXBuildFile; fileRef = E2E4AC3225DEC97600FBB94C /* AppDelegate.swift */; };
		E2E4AC3725DEC97600FBB94C /* EventsViewController.swift in Sources */ = {isa = PBXBuildFile; fileRef = E2E4AC3625DEC97600FBB94C /* EventsViewController.swift */; };
		E2E4AC3C25DEC97800FBB94C /* Assets.xcassets in Resources */ = {isa = PBXBuildFile; fileRef = E2E4AC3B25DEC97800FBB94C /* Assets.xcassets */; };
		E2E4AC3F25DEC97800FBB94C /* LaunchScreen.storyboard in Resources */ = {isa = PBXBuildFile; fileRef = E2E4AC3D25DEC97800FBB94C /* LaunchScreen.storyboard */; };
		E2E4AC5825DECDE700FBB94C /* EventsViewModel.swift in Sources */ = {isa = PBXBuildFile; fileRef = E2E4AC5725DECDE700FBB94C /* EventsViewModel.swift */; };
/* End PBXBuildFile section */

/* Begin PBXFileReference section */
		E26C124425DF9E7C004BFD11 /* IEventsAPIService.swift */ = {isa = PBXFileReference; lastKnownFileType = sourcecode.swift; path = IEventsAPIService.swift; sourceTree = "<group>"; };
		E26C124925DF9E98004BFD11 /* Event.swift */ = {isa = PBXFileReference; lastKnownFileType = sourcecode.swift; path = Event.swift; sourceTree = "<group>"; };
		E26C124D25DFAF32004BFD11 /* EventsAPIService.swift */ = {isa = PBXFileReference; lastKnownFileType = sourcecode.swift; path = EventsAPIService.swift; sourceTree = "<group>"; };
		E2ADDBFD25E00578005B5B81 /* EventCell.swift */ = {isa = PBXFileReference; lastKnownFileType = sourcecode.swift; path = EventCell.swift; sourceTree = "<group>"; };
		E2ADDC0925E006DE005B5B81 /* Localizable.strings */ = {isa = PBXFileReference; lastKnownFileType = text.plist.strings; path = Localizable.strings; sourceTree = "<group>"; };
		E2ADDC0D25E007D0005B5B81 /* UIColor+Palette.swift */ = {isa = PBXFileReference; lastKnownFileType = sourcecode.swift; path = "UIColor+Palette.swift"; sourceTree = "<group>"; };
		E2ADDC1425E00B67005B5B81 /* EventCellViewModel.swift */ = {isa = PBXFileReference; lastKnownFileType = sourcecode.swift; path = EventCellViewModel.swift; sourceTree = "<group>"; };
		E2ADDC1F25E013E7005B5B81 /* EventsTableSection.swift */ = {isa = PBXFileReference; lastKnownFileType = sourcecode.swift; path = EventsTableSection.swift; sourceTree = "<group>"; };
		E2ADDC2625E023B5005B5B81 /* DateFormatter+Ext.swift */ = {isa = PBXFileReference; lastKnownFileType = sourcecode.swift; path = "DateFormatter+Ext.swift"; sourceTree = "<group>"; };
		E2ADDC2A25E039DE005B5B81 /* DateIntervalFormatter+Ext.swift */ = {isa = PBXFileReference; lastKnownFileType = sourcecode.swift; path = "DateIntervalFormatter+Ext.swift"; sourceTree = "<group>"; };
		E2ADDC2E25E042AC005B5B81 /* GradientView.swift */ = {isa = PBXFileReference; lastKnownFileType = sourcecode.swift; path = GradientView.swift; sourceTree = "<group>"; };
		E2ADDC4025E0DEF7005B5B81 /* EventLoadingCell.swift */ = {isa = PBXFileReference; lastKnownFileType = sourcecode.swift; path = EventLoadingCell.swift; sourceTree = "<group>"; };
		E2E4AC2F25DEC97600FBB94C /* EventList.app */ = {isa = PBXFileReference; explicitFileType = wrapper.application; includeInIndex = 0; path = EventList.app; sourceTree = BUILT_PRODUCTS_DIR; };
		E2E4AC3225DEC97600FBB94C /* AppDelegate.swift */ = {isa = PBXFileReference; lastKnownFileType = sourcecode.swift; path = AppDelegate.swift; sourceTree = "<group>"; };
		E2E4AC3625DEC97600FBB94C /* EventsViewController.swift */ = {isa = PBXFileReference; lastKnownFileType = sourcecode.swift; path = EventsViewController.swift; sourceTree = "<group>"; };
		E2E4AC3B25DEC97800FBB94C /* Assets.xcassets */ = {isa = PBXFileReference; lastKnownFileType = folder.assetcatalog; path = Assets.xcassets; sourceTree = "<group>"; };
		E2E4AC3E25DEC97800FBB94C /* Base */ = {isa = PBXFileReference; lastKnownFileType = file.storyboard; name = Base; path = Base.lproj/LaunchScreen.storyboard; sourceTree = "<group>"; };
		E2E4AC4025DEC97800FBB94C /* Info.plist */ = {isa = PBXFileReference; lastKnownFileType = text.plist.xml; path = Info.plist; sourceTree = "<group>"; };
		E2E4AC5725DECDE700FBB94C /* EventsViewModel.swift */ = {isa = PBXFileReference; fileEncoding = 4; lastKnownFileType = sourcecode.swift; path = EventsViewModel.swift; sourceTree = "<group>"; };
/* End PBXFileReference section */

/* Begin PBXFrameworksBuildPhase section */
		E2E4AC2C25DEC97600FBB94C /* Frameworks */ = {
			isa = PBXFrameworksBuildPhase;
			buildActionMask = 2147483647;
			files = (
				E2ADDC0725E00610005B5B81 /* Kingfisher in Frameworks */,
				E2ADDC0325E005C0005B5B81 /* SnapKit in Frameworks */,
			);
			runOnlyForDeploymentPostprocessing = 0;
		};
/* End PBXFrameworksBuildPhase section */

/* Begin PBXGroup section */
		E26C124225DF9E61004BFD11 /* Services */ = {
			isa = PBXGroup;
			children = (
				E26C124325DF9E68004BFD11 /* EventsAPI */,
			);
			path = Services;
			sourceTree = "<group>";
		};
		E26C124325DF9E68004BFD11 /* EventsAPI */ = {
			isa = PBXGroup;
			children = (
				E26C124425DF9E7C004BFD11 /* IEventsAPIService.swift */,
				E26C124D25DFAF32004BFD11 /* EventsAPIService.swift */,
			);
			path = EventsAPI;
			sourceTree = "<group>";
		};
		E26C124825DF9E8D004BFD11 /* Models */ = {
			isa = PBXGroup;
			children = (
				E26C124925DF9E98004BFD11 /* Event.swift */,
			);
			path = Models;
			sourceTree = "<group>";
		};
		E2ADDBFC25E00559005B5B81 /* Cells */ = {
			isa = PBXGroup;
			children = (
				E2ADDC1425E00B67005B5B81 /* EventCellViewModel.swift */,
				E2ADDBFD25E00578005B5B81 /* EventCell.swift */,
				E2ADDC4025E0DEF7005B5B81 /* EventLoadingCell.swift */,
			);
			path = Cells;
			sourceTree = "<group>";
		};
		E2ADDC0C25E007B7005B5B81 /* Utils */ = {
			isa = PBXGroup;
			children = (
				E2ADDC2625E023B5005B5B81 /* DateFormatter+Ext.swift */,
				E2ADDC2A25E039DE005B5B81 /* DateIntervalFormatter+Ext.swift */,
				E2ADDC2E25E042AC005B5B81 /* GradientView.swift */,
				E2ADDC0D25E007D0005B5B81 /* UIColor+Palette.swift */,
			);
			path = Utils;
			sourceTree = "<group>";
		};
		E2ADDC1C25E0128C005B5B81 /* Sections */ = {
			isa = PBXGroup;
			children = (
				E2ADDC1F25E013E7005B5B81 /* EventsTableSection.swift */,
			);
			path = Sections;
			sourceTree = "<group>";
		};
		E2E4AC2625DEC97600FBB94C = {
			isa = PBXGroup;
			children = (
				E2E4AC3125DEC97600FBB94C /* EventList */,
				E2E4AC3025DEC97600FBB94C /* Products */,
			);
			sourceTree = "<group>";
		};
		E2E4AC3025DEC97600FBB94C /* Products */ = {
			isa = PBXGroup;
			children = (
				E2E4AC2F25DEC97600FBB94C /* EventList.app */,
			);
			name = Products;
			sourceTree = "<group>";
		};
		E2E4AC3125DEC97600FBB94C /* EventList */ = {
			isa = PBXGroup;
			children = (
				E2E4AC4B25DEC9EC00FBB94C /* Sources */,
				E2E4AC4A25DEC9E000FBB94C /* Resources */,
				E2E4AC4925DEC9D300FBB94C /* Supporting Files */,
			);
			path = EventList;
			sourceTree = "<group>";
		};
		E2E4AC4925DEC9D300FBB94C /* Supporting Files */ = {
			isa = PBXGroup;
			children = (
				E2E4AC4025DEC97800FBB94C /* Info.plist */,
			);
			path = "Supporting Files";
			sourceTree = "<group>";
		};
		E2E4AC4A25DEC9E000FBB94C /* Resources */ = {
			isa = PBXGroup;
			children = (
				E2E4AC3B25DEC97800FBB94C /* Assets.xcassets */,
				E2E4AC3D25DEC97800FBB94C /* LaunchScreen.storyboard */,
				E2ADDC0925E006DE005B5B81 /* Localizable.strings */,
			);
			path = Resources;
			sourceTree = "<group>";
		};
		E2E4AC4B25DEC9EC00FBB94C /* Sources */ = {
			isa = PBXGroup;
			children = (
				E2ADDC0C25E007B7005B5B81 /* Utils */,
				E26C124825DF9E8D004BFD11 /* Models */,
				E26C124225DF9E61004BFD11 /* Services */,
				E2E4AC5025DECB5200FBB94C /* User Stories */,
				E2E4AC3225DEC97600FBB94C /* AppDelegate.swift */,
			);
			path = Sources;
			sourceTree = "<group>";
		};
		E2E4AC5025DECB5200FBB94C /* User Stories */ = {
			isa = PBXGroup;
			children = (
				E2E4AC5225DECB6400FBB94C /* Events */,
			);
			path = "User Stories";
			sourceTree = "<group>";
		};
		E2E4AC5225DECB6400FBB94C /* Events */ = {
			isa = PBXGroup;
			children = (
				E2ADDC1C25E0128C005B5B81 /* Sections */,
				E2ADDBFC25E00559005B5B81 /* Cells */,
				E2E4AC5725DECDE700FBB94C /* EventsViewModel.swift */,
				E2E4AC3625DEC97600FBB94C /* EventsViewController.swift */,
			);
			path = Events;
			sourceTree = "<group>";
		};
/* End PBXGroup section */

/* Begin PBXNativeTarget section */
		E2E4AC2E25DEC97600FBB94C /* EventList */ = {
			isa = PBXNativeTarget;
			buildConfigurationList = E2E4AC4325DEC97800FBB94C /* Build configuration list for PBXNativeTarget "EventList" */;
			buildPhases = (
				E2E4AC2B25DEC97600FBB94C /* Sources */,
				E2E4AC2C25DEC97600FBB94C /* Frameworks */,
				E2E4AC2D25DEC97600FBB94C /* Resources */,
			);
			buildRules = (
			);
			dependencies = (
			);
			name = EventList;
			packageProductDependencies = (
				E2ADDC0225E005C0005B5B81 /* SnapKit */,
				E2ADDC0625E00610005B5B81 /* Kingfisher */,
			);
			productName = EventList;
			productReference = E2E4AC2F25DEC97600FBB94C /* EventList.app */;
			productType = "com.apple.product-type.application";
		};
/* End PBXNativeTarget section */

/* Begin PBXProject section */
		E2E4AC2725DEC97600FBB94C /* Project object */ = {
			isa = PBXProject;
			attributes = {
				LastSwiftUpdateCheck = 1240;
				LastUpgradeCheck = 1240;
				TargetAttributes = {
					E2E4AC2E25DEC97600FBB94C = {
						CreatedOnToolsVersion = 12.4;
					};
				};
			};
			buildConfigurationList = E2E4AC2A25DEC97600FBB94C /* Build configuration list for PBXProject "EventList" */;
			compatibilityVersion = "Xcode 9.3";
			developmentRegion = en;
			hasScannedForEncodings = 0;
			knownRegions = (
				en,
				Base,
			);
			mainGroup = E2E4AC2625DEC97600FBB94C;
			packageReferences = (
				E2ADDC0125E005C0005B5B81 /* XCRemoteSwiftPackageReference "SnapKit" */,
				E2ADDC0525E00610005B5B81 /* XCRemoteSwiftPackageReference "Kingfisher" */,
			);
			productRefGroup = E2E4AC3025DEC97600FBB94C /* Products */;
			projectDirPath = "";
			projectRoot = "";
			targets = (
				E2E4AC2E25DEC97600FBB94C /* EventList */,
			);
		};
/* End PBXProject section */

/* Begin PBXResourcesBuildPhase section */
		E2E4AC2D25DEC97600FBB94C /* Resources */ = {
			isa = PBXResourcesBuildPhase;
			buildActionMask = 2147483647;
			files = (
				E2E4AC3F25DEC97800FBB94C /* LaunchScreen.storyboard in Resources */,
				E2ADDC0A25E006DE005B5B81 /* Localizable.strings in Resources */,
				E2E4AC3C25DEC97800FBB94C /* Assets.xcassets in Resources */,
			);
			runOnlyForDeploymentPostprocessing = 0;
		};
/* End PBXResourcesBuildPhase section */

/* Begin PBXSourcesBuildPhase section */
		E2E4AC2B25DEC97600FBB94C /* Sources */ = {
			isa = PBXSourcesBuildPhase;
			buildActionMask = 2147483647;
			files = (
				E2E4AC5825DECDE700FBB94C /* EventsViewModel.swift in Sources */,
				E2ADDC2B25E039DE005B5B81 /* DateIntervalFormatter+Ext.swift in Sources */,
				E26C124E25DFAF32004BFD11 /* EventsAPIService.swift in Sources */,
				E2ADDC4125E0DEF7005B5B81 /* EventLoadingCell.swift in Sources */,
				E2E4AC3725DEC97600FBB94C /* EventsViewController.swift in Sources */,
				E2ADDC2725E023B5005B5B81 /* DateFormatter+Ext.swift in Sources */,
				E2E4AC3325DEC97600FBB94C /* AppDelegate.swift in Sources */,
				E2ADDC1525E00B67005B5B81 /* EventCellViewModel.swift in Sources */,
				E26C124525DF9E7C004BFD11 /* IEventsAPIService.swift in Sources */,
				E26C124A25DF9E98004BFD11 /* Event.swift in Sources */,
				E2ADDBFE25E00578005B5B81 /* EventCell.swift in Sources */,
				E2ADDC2F25E042AC005B5B81 /* GradientView.swift in Sources */,
				E2ADDC0E25E007D0005B5B81 /* UIColor+Palette.swift in Sources */,
				E2ADDC2025E013E7005B5B81 /* EventsTableSection.swift in Sources */,
			);
			runOnlyForDeploymentPostprocessing = 0;
		};
/* End PBXSourcesBuildPhase section */

/* Begin PBXVariantGroup section */
		E2E4AC3D25DEC97800FBB94C /* LaunchScreen.storyboard */ = {
			isa = PBXVariantGroup;
			children = (
				E2E4AC3E25DEC97800FBB94C /* Base */,
			);
			name = LaunchScreen.storyboard;
			sourceTree = "<group>";
		};
/* End PBXVariantGroup section */

/* Begin XCBuildConfiguration section */
		E2E4AC4125DEC97800FBB94C /* Debug */ = {
			isa = XCBuildConfiguration;
			buildSettings = {
				ALWAYS_SEARCH_USER_PATHS = NO;
				CLANG_ANALYZER_NONNULL = YES;
				CLANG_ANALYZER_NUMBER_OBJECT_CONVERSION = YES_AGGRESSIVE;
				CLANG_CXX_LANGUAGE_STANDARD = "gnu++14";
				CLANG_CXX_LIBRARY = "libc++";
				CLANG_ENABLE_MODULES = YES;
				CLANG_ENABLE_OBJC_ARC = YES;
				CLANG_ENABLE_OBJC_WEAK = YES;
				CLANG_WARN_BLOCK_CAPTURE_AUTORELEASING = YES;
				CLANG_WARN_BOOL_CONVERSION = YES;
				CLANG_WARN_COMMA = YES;
				CLANG_WARN_CONSTANT_CONVERSION = YES;
				CLANG_WARN_DEPRECATED_OBJC_IMPLEMENTATIONS = YES;
				CLANG_WARN_DIRECT_OBJC_ISA_USAGE = YES_ERROR;
				CLANG_WARN_DOCUMENTATION_COMMENTS = YES;
				CLANG_WARN_EMPTY_BODY = YES;
				CLANG_WARN_ENUM_CONVERSION = YES;
				CLANG_WARN_INFINITE_RECURSION = YES;
				CLANG_WARN_INT_CONVERSION = YES;
				CLANG_WARN_NON_LITERAL_NULL_CONVERSION = YES;
				CLANG_WARN_OBJC_IMPLICIT_RETAIN_SELF = YES;
				CLANG_WARN_OBJC_LITERAL_CONVERSION = YES;
				CLANG_WARN_OBJC_ROOT_CLASS = YES_ERROR;
				CLANG_WARN_QUOTED_INCLUDE_IN_FRAMEWORK_HEADER = YES;
				CLANG_WARN_RANGE_LOOP_ANALYSIS = YES;
				CLANG_WARN_STRICT_PROTOTYPES = YES;
				CLANG_WARN_SUSPICIOUS_MOVE = YES;
				CLANG_WARN_UNGUARDED_AVAILABILITY = YES_AGGRESSIVE;
				CLANG_WARN_UNREACHABLE_CODE = YES;
				CLANG_WARN__DUPLICATE_METHOD_MATCH = YES;
				COPY_PHASE_STRIP = NO;
				DEBUG_INFORMATION_FORMAT = dwarf;
				ENABLE_STRICT_OBJC_MSGSEND = YES;
				ENABLE_TESTABILITY = YES;
				GCC_C_LANGUAGE_STANDARD = gnu11;
				GCC_DYNAMIC_NO_PIC = NO;
				GCC_NO_COMMON_BLOCKS = YES;
				GCC_OPTIMIZATION_LEVEL = 0;
				GCC_PREPROCESSOR_DEFINITIONS = (
					"DEBUG=1",
					"$(inherited)",
				);
				GCC_WARN_64_TO_32_BIT_CONVERSION = YES;
				GCC_WARN_ABOUT_RETURN_TYPE = YES_ERROR;
				GCC_WARN_UNDECLARED_SELECTOR = YES;
				GCC_WARN_UNINITIALIZED_AUTOS = YES_AGGRESSIVE;
				GCC_WARN_UNUSED_FUNCTION = YES;
				GCC_WARN_UNUSED_VARIABLE = YES;
				IPHONEOS_DEPLOYMENT_TARGET = 14.4;
				MTL_ENABLE_DEBUG_INFO = INCLUDE_SOURCE;
				MTL_FAST_MATH = YES;
				ONLY_ACTIVE_ARCH = YES;
				SDKROOT = iphoneos;
				SWIFT_ACTIVE_COMPILATION_CONDITIONS = DEBUG;
				SWIFT_OPTIMIZATION_LEVEL = "-Onone";
			};
			name = Debug;
		};
		E2E4AC4225DEC97800FBB94C /* Release */ = {
			isa = XCBuildConfiguration;
			buildSettings = {
				ALWAYS_SEARCH_USER_PATHS = NO;
				CLANG_ANALYZER_NONNULL = YES;
				CLANG_ANALYZER_NUMBER_OBJECT_CONVERSION = YES_AGGRESSIVE;
				CLANG_CXX_LANGUAGE_STANDARD = "gnu++14";
				CLANG_CXX_LIBRARY = "libc++";
				CLANG_ENABLE_MODULES = YES;
				CLANG_ENABLE_OBJC_ARC = YES;
				CLANG_ENABLE_OBJC_WEAK = YES;
				CLANG_WARN_BLOCK_CAPTURE_AUTORELEASING = YES;
				CLANG_WARN_BOOL_CONVERSION = YES;
				CLANG_WARN_COMMA = YES;
				CLANG_WARN_CONSTANT_CONVERSION = YES;
				CLANG_WARN_DEPRECATED_OBJC_IMPLEMENTATIONS = YES;
				CLANG_WARN_DIRECT_OBJC_ISA_USAGE = YES_ERROR;
				CLANG_WARN_DOCUMENTATION_COMMENTS = YES;
				CLANG_WARN_EMPTY_BODY = YES;
				CLANG_WARN_ENUM_CONVERSION = YES;
				CLANG_WARN_INFINITE_RECURSION = YES;
				CLANG_WARN_INT_CONVERSION = YES;
				CLANG_WARN_NON_LITERAL_NULL_CONVERSION = YES;
				CLANG_WARN_OBJC_IMPLICIT_RETAIN_SELF = YES;
				CLANG_WARN_OBJC_LITERAL_CONVERSION = YES;
				CLANG_WARN_OBJC_ROOT_CLASS = YES_ERROR;
				CLANG_WARN_QUOTED_INCLUDE_IN_FRAMEWORK_HEADER = YES;
				CLANG_WARN_RANGE_LOOP_ANALYSIS = YES;
				CLANG_WARN_STRICT_PROTOTYPES = YES;
				CLANG_WARN_SUSPICIOUS_MOVE = YES;
				CLANG_WARN_UNGUARDED_AVAILABILITY = YES_AGGRESSIVE;
				CLANG_WARN_UNREACHABLE_CODE = YES;
				CLANG_WARN__DUPLICATE_METHOD_MATCH = YES;
				COPY_PHASE_STRIP = NO;
				DEBUG_INFORMATION_FORMAT = "dwarf-with-dsym";
				ENABLE_NS_ASSERTIONS = NO;
				ENABLE_STRICT_OBJC_MSGSEND = YES;
				GCC_C_LANGUAGE_STANDARD = gnu11;
				GCC_NO_COMMON_BLOCKS = YES;
				GCC_WARN_64_TO_32_BIT_CONVERSION = YES;
				GCC_WARN_ABOUT_RETURN_TYPE = YES_ERROR;
				GCC_WARN_UNDECLARED_SELECTOR = YES;
				GCC_WARN_UNINITIALIZED_AUTOS = YES_AGGRESSIVE;
				GCC_WARN_UNUSED_FUNCTION = YES;
				GCC_WARN_UNUSED_VARIABLE = YES;
				IPHONEOS_DEPLOYMENT_TARGET = 14.4;
				MTL_ENABLE_DEBUG_INFO = NO;
				MTL_FAST_MATH = YES;
				SDKROOT = iphoneos;
				SWIFT_COMPILATION_MODE = wholemodule;
				SWIFT_OPTIMIZATION_LEVEL = "-O";
				VALIDATE_PRODUCT = YES;
			};
			name = Release;
		};
		E2E4AC4425DEC97800FBB94C /* Debug */ = {
			isa = XCBuildConfiguration;
			buildSettings = {
				ASSETCATALOG_COMPILER_APPICON_NAME = AppIcon;
				ASSETCATALOG_COMPILER_GLOBAL_ACCENT_COLOR_NAME = "";
				CODE_SIGN_STYLE = Automatic;
				INFOPLIST_FILE = "EventList/Supporting Files/Info.plist";
				IPHONEOS_DEPLOYMENT_TARGET = 11.0;
				LD_RUNPATH_SEARCH_PATHS = (
					"$(inherited)",
					"@executable_path/Frameworks",
				);
				PRODUCT_BUNDLE_IDENTIFIER = ru.dserov.EventList;
				PRODUCT_NAME = "$(TARGET_NAME)";
				SWIFT_VERSION = 5.0;
				TARGETED_DEVICE_FAMILY = "1,2";
			};
			name = Debug;
		};
		E2E4AC4525DEC97800FBB94C /* Release */ = {
			isa = XCBuildConfiguration;
			buildSettings = {
				ASSETCATALOG_COMPILER_APPICON_NAME = AppIcon;
				ASSETCATALOG_COMPILER_GLOBAL_ACCENT_COLOR_NAME = "";
				CODE_SIGN_STYLE = Automatic;
				INFOPLIST_FILE = "EventList/Supporting Files/Info.plist";
				IPHONEOS_DEPLOYMENT_TARGET = 11.0;
				LD_RUNPATH_SEARCH_PATHS = (
					"$(inherited)",
					"@executable_path/Frameworks",
				);
				PRODUCT_BUNDLE_IDENTIFIER = ru.dserov.EventList;
				PRODUCT_NAME = "$(TARGET_NAME)";
				SWIFT_VERSION = 5.0;
				TARGETED_DEVICE_FAMILY = "1,2";
			};
			name = Release;
		};
/* End XCBuildConfiguration section */

/* Begin XCConfigurationList section */
		E2E4AC2A25DEC97600FBB94C /* Build configuration list for PBXProject "EventList" */ = {
			isa = XCConfigurationList;
			buildConfigurations = (
				E2E4AC4125DEC97800FBB94C /* Debug */,
				E2E4AC4225DEC97800FBB94C /* Release */,
			);
			defaultConfigurationIsVisible = 0;
			defaultConfigurationName = Release;
		};
		E2E4AC4325DEC97800FBB94C /* Build configuration list for PBXNativeTarget "EventList" */ = {
			isa = XCConfigurationList;
			buildConfigurations = (
				E2E4AC4425DEC97800FBB94C /* Debug */,
				E2E4AC4525DEC97800FBB94C /* Release */,
			);
			defaultConfigurationIsVisible = 0;
			defaultConfigurationName = Release;
		};
/* End XCConfigurationList section */

/* Begin XCRemoteSwiftPackageReference section */
		E2ADDC0125E005C0005B5B81 /* XCRemoteSwiftPackageReference "SnapKit" */ = {
			isa = XCRemoteSwiftPackageReference;
			repositoryURL = "https://github.com/SnapKit/SnapKit";
			requirement = {
				kind = upToNextMajorVersion;
				minimumVersion = 5.0.1;
			};
		};
		E2ADDC0525E00610005B5B81 /* XCRemoteSwiftPackageReference "Kingfisher" */ = {
			isa = XCRemoteSwiftPackageReference;
			repositoryURL = "https://github.com/onevcat/Kingfisher";
			requirement = {
				kind = upToNextMajorVersion;
				minimumVersion = 6.1.1;
			};
		};
/* End XCRemoteSwiftPackageReference section */

/* Begin XCSwiftPackageProductDependency section */
		E2ADDC0225E005C0005B5B81 /* SnapKit */ = {
			isa = XCSwiftPackageProductDependency;
			package = E2ADDC0125E005C0005B5B81 /* XCRemoteSwiftPackageReference "SnapKit" */;
			productName = SnapKit;
		};
		E2ADDC0625E00610005B5B81 /* Kingfisher */ = {
			isa = XCSwiftPackageProductDependency;
			package = E2ADDC0525E00610005B5B81 /* XCRemoteSwiftPackageReference "Kingfisher" */;
			productName = Kingfisher;
		};
/* End XCSwiftPackageProductDependency section */
	};
	rootObject = E2E4AC2725DEC97600FBB94C /* Project object */;
}
